// !$*UTF8*$!
{
	archiveVersion = 1;
	classes = {
	};
	objectVersion = 46;
	objects = {

/* Begin PBXBuildFile section */
		735DF7DB1CCCB7CB00311A12 /* AppDelegate.swift in Sources */ = {isa = PBXBuildFile; fileRef = 735DF7DA1CCCB7CB00311A12 /* AppDelegate.swift */; };
		735DF7DD1CCCB7CB00311A12 /* ViewController.swift in Sources */ = {isa = PBXBuildFile; fileRef = 735DF7DC1CCCB7CB00311A12 /* ViewController.swift */; };
		735DF7E01CCCB7CB00311A12 /* Main.storyboard in Resources */ = {isa = PBXBuildFile; fileRef = 735DF7DE1CCCB7CB00311A12 /* Main.storyboard */; };
		735DF7E21CCCB7CB00311A12 /* Assets.xcassets in Resources */ = {isa = PBXBuildFile; fileRef = 735DF7E11CCCB7CB00311A12 /* Assets.xcassets */; };
		735DF7E51CCCB7CB00311A12 /* LaunchScreen.storyboard in Resources */ = {isa = PBXBuildFile; fileRef = 735DF7E31CCCB7CB00311A12 /* LaunchScreen.storyboard */; };
/* End PBXBuildFile section */

/* Begin PBXFileReference section */
		735DF7D71CCCB7CB00311A12 /* Instagram.app */ = {isa = PBXFileReference; explicitFileType = wrapper.application; includeInIndex = 0; path = Instagram.app; sourceTree = BUILT_PRODUCTS_DIR; };
		735DF7DA1CCCB7CB00311A12 /* AppDelegate.swift */ = {isa = PBXFileReference; lastKnownFileType = sourcecode.swift; path = AppDelegate.swift; sourceTree = "<group>"; };
		735DF7DC1CCCB7CB00311A12 /* ViewController.swift */ = {isa = PBXFileReference; lastKnownFileType = sourcecode.swift; path = ViewController.swift; sourceTree = "<group>"; };
		735DF7DF1CCCB7CB00311A12 /* Base */ = {isa = PBXFileReference; lastKnownFileType = file.storyboard; name = Base; path = Base.lproj/Main.storyboard; sourceTree = "<group>"; };
		735DF7E11CCCB7CB00311A12 /* Assets.xcassets */ = {isa = PBXFileReference; lastKnownFileType = folder.assetcatalog; path = Assets.xcassets; sourceTree = "<group>"; };
		735DF7E41CCCB7CB00311A12 /* Base */ = {isa = PBXFileReference; lastKnownFileType = file.storyboard; name = Base; path = Base.lproj/LaunchScreen.storyboard; sourceTree = "<group>"; };
		735DF7E61CCCB7CB00311A12 /* Info.plist */ = {isa = PBXFileReference; lastKnownFileType = text.plist.xml; path = Info.plist; sourceTree = "<group>"; };
/* End PBXFileReference section */

/* Begin PBXFrameworksBuildPhase section */
		735DF7D41CCCB7CB00311A12 /* Frameworks */ = {
			isa = PBXFrameworksBuildPhase;
			buildActionMask = 2147483647;
			files = (
			);
			runOnlyForDeploymentPostprocessing = 0;
		};
/* End PBXFrameworksBuildPhase section */

/* Begin PBXGroup section */
		735DF7CE1CCCB7CB00311A12 = {
			isa = PBXGroup;
			children = (
				735DF7D91CCCB7CB00311A12 /* Instagram */,
				735DF7D81CCCB7CB00311A12 /* Products */,
			);
			sourceTree = "<group>";
		};
		735DF7D81CCCB7CB00311A12 /* Products */ = {
			isa = PBXGroup;
			children = (
				735DF7D71CCCB7CB00311A12 /* Instagram.app */,
			);
			name = Products;
			sourceTree = "<group>";
		};
		735DF7D91CCCB7CB00311A12 /* Instagram */ = {
			isa = PBXGroup;
			children = (
				735DF7DA1CCCB7CB00311A12 /* AppDelegate.swift */,
				735DF7DC1CCCB7CB00311A12 /* ViewController.swift */,
				735DF7DE1CCCB7CB00311A12 /* Main.storyboard */,
				735DF7E11CCCB7CB00311A12 /* Assets.xcassets */,
				735DF7E31CCCB7CB00311A12 /* LaunchScreen.storyboard */,
				735DF7E61CCCB7CB00311A12 /* Info.plist */,
			);
			path = Instagram;
			sourceTree = "<group>";
		};
/* End PBXGroup section */

/* Begin PBXNativeTarget section */
		735DF7D61CCCB7CB00311A12 /* Instagram */ = {
			isa = PBXNativeTarget;
			buildConfigurationList = 735DF7E91CCCB7CB00311A12 /* Build configuration list for PBXNativeTarget "Instagram" */;
			buildPhases = (
				735DF7D31CCCB7CB00311A12 /* Sources */,
				735DF7D41CCCB7CB00311A12 /* Frameworks */,
				735DF7D51CCCB7CB00311A12 /* Resources */,
			);
			buildRules = (
			);
			dependencies = (
			);
			name = Instagram;
			productName = Instagram;
			productReference = 735DF7D71CCCB7CB00311A12 /* Instagram.app */;
			productType = "com.apple.product-type.application";
		};
/* End PBXNativeTarget section */

/* Begin PBXProject section */
		735DF7CF1CCCB7CB00311A12 /* Project object */ = {
			isa = PBXProject;
			attributes = {
				LastSwiftUpdateCheck = 0720;
				LastUpgradeCheck = 0720;
				ORGANIZATIONNAME = taku.saito;
				TargetAttributes = {
					735DF7D61CCCB7CB00311A12 = {
						CreatedOnToolsVersion = 7.2.1;
						DevelopmentTeam = NNWY7BLFLN;
					};
				};
			};
			buildConfigurationList = 735DF7D21CCCB7CB00311A12 /* Build configuration list for PBXProject "Instagram" */;
			compatibilityVersion = "Xcode 3.2";
			developmentRegion = English;
			hasScannedForEncodings = 0;
			knownRegions = (
				en,
				Base,
			);
			mainGroup = 735DF7CE1CCCB7CB00311A12;
			productRefGroup = 735DF7D81CCCB7CB00311A12 /* Products */;
			projectDirPath = "";
			projectRoot = "";
			targets = (
				735DF7D61CCCB7CB00311A12 /* Instagram */,
			);
		};
/* End PBXProject section */

/* Begin PBXResourcesBuildPhase section */
		735DF7D51CCCB7CB00311A12 /* Resources */ = {
			isa = PBXResourcesBuildPhase;
			buildActionMask = 2147483647;
			files = (
				735DF7E51CCCB7CB00311A12 /* LaunchScreen.storyboard in Resources */,
				735DF7E21CCCB7CB00311A12 /* Assets.xcassets in Resources */,
				735DF7E01CCCB7CB00311A12 /* Main.storyboard in Resources */,
			);
			runOnlyForDeploymentPostprocessing = 0;
		};
/* End PBXResourcesBuildPhase section */

/* Begin PBXSourcesBuildPhase section */
		735DF7D31CCCB7CB00311A12 /* Sources */ = {
			isa = PBXSourcesBuildPhase;
			buildActionMask = 2147483647;
			files = (
				735DF7DD1CCCB7CB00311A12 /* ViewController.swift in Sources */,
				735DF7DB1CCCB7CB00311A12 /* AppDelegate.swift in Sources */,
			);
			runOnlyForDeploymentPostprocessing = 0;
		};
/* End PBXSourcesBuildPhase section */

/* Begin PBXVariantGroup section */
		735DF7DE1CCCB7CB00311A12 /* Main.storyboard */ = {
			isa = PBXVariantGroup;
			children = (
				735DF7DF1CCCB7CB00311A12 /* Base */,
			);
			name = Main.storyboard;
			sourceTree = "<group>";
		};
		735DF7E31CCCB7CB00311A12 /* LaunchScreen.storyboard */ = {
			isa = PBXVariantGroup;
			children = (
				735DF7E41CCCB7CB00311A12 /* Base */,
			);
			name = LaunchScreen.storyboard;
			sourceTree = "<group>";
		};
/* End PBXVariantGroup section */

/* Begin XCBuildConfiguration section */
		735DF7E71CCCB7CB00311A12 /* Debug */ = {
			isa = XCBuildConfiguration;
			buildSettings = {
				ALWAYS_SEARCH_USER_PATHS = NO;
				CLANG_CXX_LANGUAGE_STANDARD = "gnu++0x";
				CLANG_CXX_LIBRARY = "libc++";
				CLANG_ENABLE_MODULES = YES;
				CLANG_ENABLE_OBJC_ARC = YES;
				CLANG_WARN_BOOL_CONVERSION = YES;
				CLANG_WARN_CONSTANT_CONVERSION = YES;
				CLANG_WARN_DIRECT_OBJC_ISA_USAGE = YES_ERROR;
				CLANG_WARN_EMPTY_BODY = YES;
				CLANG_WARN_ENUM_CONVERSION = YES;
				CLANG_WARN_INT_CONVERSION = YES;
				CLANG_WARN_OBJC_ROOT_CLASS = YES_ERROR;
				CLANG_WARN_UNREACHABLE_CODE = YES;
				CLANG_WARN__DUPLICATE_METHOD_MATCH = YES;
				"CODE_SIGN_IDENTITY[sdk=iphoneos*]" = "iPhone Developer";
				COPY_PHASE_STRIP = NO;
				DEBUG_INFORMATION_FORMAT = dwarf;
				ENABLE_STRICT_OBJC_MSGSEND = YES;
				ENABLE_TESTABILITY = YES;
				GCC_C_LANGUAGE_STANDARD = gnu99;
				GCC_DYNAMIC_NO_PIC = NO;
				GCC_NO_COMMON_BLOCKS = YES;
				GCC_OPTIMIZATION_LEVEL = 0;
				GCC_PREPROCESSOR_DEFINITIONS = (
					"DEBUG=1",
					"$(inherited)",
				);
				GCC_WARN_64_TO_32_BIT_CONVERSION = YES;
				GCC_WARN_ABOUT_RETURN_TYPE = YES_ERROR;
				GCC_WARN_UNDECLARED_SELECTOR = YES;
				GCC_WARN_UNINITIALIZED_AUTOS = YES_AGGRESSIVE;
				GCC_WARN_UNUSED_FUNCTION = YES;
				GCC_WARN_UNUSED_VARIABLE = YES;
				IPHONEOS_DEPLOYMENT_TARGET = 9.2;
				MTL_ENABLE_DEBUG_INFO = YES;
				ONLY_ACTIVE_ARCH = YES;
				SDKROOT = iphoneos;
				SWIFT_OPTIMIZATION_LEVEL = "-Onone";
			};
			name = Debug;
		};
		735DF7E81CCCB7CB00311A12 /* Release */ = {
			isa = XCBuildConfiguration;
			buildSettings = {
				ALWAYS_SEARCH_USER_PATHS = NO;
				CLANG_CXX_LANGUAGE_STANDARD = "gnu++0x";
				CLANG_CXX_LIBRARY = "libc++";
				CLANG_ENABLE_MODULES = YES;
				CLANG_ENABLE_OBJC_ARC = YES;
				CLANG_WARN_BOOL_CONVERSION = YES;
				CLANG_WARN_CONSTANT_CONVERSION = YES;
				CLANG_WARN_DIRECT_OBJC_ISA_USAGE = YES_ERROR;
				CLANG_WARN_EMPTY_BODY = YES;
				CLANG_WARN_ENUM_CONVERSION = YES;
				CLANG_WARN_INT_CONVERSION = YES;
				CLANG_WARN_OBJC_ROOT_CLASS = YES_ERROR;
				CLANG_WARN_UNREACHABLE_CODE = YES;
				CLANG_WARN__DUPLICATE_METHOD_MATCH = YES;
				"CODE_SIGN_IDENTITY[sdk=iphoneos*]" = "iPhone Developer";
				COPY_PHASE_STRIP = NO;
				DEBUG_INFORMATION_FORMAT = "dwarf-with-dsym";
				ENABLE_NS_ASSERTIONS = NO;
				ENABLE_STRICT_OBJC_MSGSEND = YES;
				GCC_C_LANGUAGE_STANDARD = gnu99;
				GCC_NO_COMMON_BLOCKS = YES;
				GCC_WARN_64_TO_32_BIT_CONVERSION = YES;
				GCC_WARN_ABOUT_RETURN_TYPE = YES_ERROR;
				GCC_WARN_UNDECLARED_SELECTOR = YES;
				GCC_WARN_UNINITIALIZED_AUTOS = YES_AGGRESSIVE;
				GCC_WARN_UNUSED_FUNCTION = YES;
				GCC_WARN_UNUSED_VARIABLE = YES;
				IPHONEOS_DEPLOYMENT_TARGET = 9.2;
				MTL_ENABLE_DEBUG_INFO = NO;
				SDKROOT = iphoneos;
				VALIDATE_PRODUCT = YES;
			};
			name = Release;
		};
		735DF7EA1CCCB7CB00311A12 /* Debug */ = {
			isa = XCBuildConfiguration;
			buildSettings = {
				ASSETCATALOG_COMPILER_APPICON_NAME = AppIcon;
				INFOPLIST_FILE = Instagram/Info.plist;
				LD_RUNPATH_SEARCH_PATHS = "$(inherited) @executable_path/Frameworks";
				PRODUCT_BUNDLE_IDENTIFIER = jp.tecacademy.taku.saito.Instagram;
				PRODUCT_NAME = "$(TARGET_NAME)";
			};
			name = Debug;
		};
		735DF7EB1CCCB7CB00311A12 /* Release */ = {
			isa = XCBuildConfiguration;
			buildSettings = {
				ASSETCATALOG_COMPILER_APPICON_NAME = AppIcon;
				INFOPLIST_FILE = Instagram/Info.plist;
				LD_RUNPATH_SEARCH_PATHS = "$(inherited) @executable_path/Frameworks";
				PRODUCT_BUNDLE_IDENTIFIER = jp.tecacademy.taku.saito.Instagram;
				PRODUCT_NAME = "$(TARGET_NAME)";
			};
			name = Release;
		};
/* End XCBuildConfiguration section */

/* Begin XCConfigurationList section */
		735DF7D21CCCB7CB00311A12 /* Build configuration list for PBXProject "Instagram" */ = {
			isa = XCConfigurationList;
			buildConfigurations = (
				735DF7E71CCCB7CB00311A12 /* Debug */,
				735DF7E81CCCB7CB00311A12 /* Release */,
			);
			defaultConfigurationIsVisible = 0;
			defaultConfigurationName = Release;
		};
		735DF7E91CCCB7CB00311A12 /* Build configuration list for PBXNativeTarget "Instagram" */ = {
			isa = XCConfigurationList;
			buildConfigurations = (
				735DF7EA1CCCB7CB00311A12 /* Debug */,
				735DF7EB1CCCB7CB00311A12 /* Release */,
			);
			defaultConfigurationIsVisible = 0;
		};
/* End XCConfigurationList section */
	};
	rootObject = 735DF7CF1CCCB7CB00311A12 /* Project object */;
}
